PODS:
  - Realm (10.12.0):
    - Realm/Headers (= 10.12.0)
  - Realm/Headers (10.12.0)
  - RealmSwift (10.12.0):
    - Realm (= 10.12.0)
  - SideMenu (6.5.0)

DEPENDENCIES:
  - RealmSwift
  - SideMenu

SPEC REPOS:
  trunk:
    - Realm
    - RealmSwift
    - SideMenu

SPEC CHECKSUMS:
  Realm: 32488213acb44660539c619d620cec1bac046166
  RealmSwift: 0abdca6231d5ff8a4f84cef9c1121ef95a483faf
  SideMenu: f583187d21c5b1dd04c72002be544b555a2627a2

PODFILE CHECKSUM: 4f9bd4e55445cc3c1efb4f0419db76d7a216a608

COCOAPODS: 1.10.1
